{"format_version":"1.2","terraform_version":"1.6.2","variables":{"policy_install":{"value":false}},"planned_values":{"root_module":{"resources":[{"address":"checkpoint_management_logout.logout","mode":"managed","type":"checkpoint_management_logout","name":"logout","provider_name":"registry.terraform.io/checkpointsw/checkpoint","schema_version":0,"values":{"triggers":null},"sensitive_values":{}},{"address":"checkpoint_management_publish.publish","mode":"managed","type":"checkpoint_management_publish","name":"publish","provider_name":"registry.terraform.io/checkpointsw/checkpoint","schema_version":0,"values":{"run_publish_on_destroy":null,"triggers":["24e2f80797f95d89612d4d50142edda6032c6117329cec31940f266e9ba8d837","33792d48c734b956781702bbe7235ef31d1d1ea1a7e907baaf0996375cc083eb","440222badef7042f394f85bf23aaf4dbf9ef0ee66778a7a604054abef1c07720","578511498d1eaa600b05c5e535c96a9c3b36ff3168f0c3500724e44bb860d287","6544ce930117f33fa73fb61fcb0a6d4e2bf30ad1d18183006b3f33432e358521","71efd0a58ef1e3e92f0ead8354fc94bea660444257102e6832c9e8bc6684fc67","7eb900caac8d93fcd1b4667634eeda8596f026de7f3b5955b6e95ff650669284","86ed090a35a25865a90852bd50a635fdbfe3e18a661d3002010e6effb49f04b9","946e85ccd59c81e93052963662367fd3ab9fc0503a91255e42c8cd96a54446a4","a3e7bff16880bccdaac52361f81ce084c9d3e8795bfce04bb54343c92b3b5b3b","a47920812e5befa78fb57449e3590dd6d0e737ec40a1fc223bb59b79b11f7796"],"uid":null},"sensitive_values":{"triggers":[false,false,false,false,false,false,false,false,false,false,false]}}],"child_modules":[{"resources":[{"address":"module.policy.checkpoint_management_access_layer.AWS_Perimeter_URLF","mode":"managed","type":"checkpoint_management_access_layer","name":"AWS_Perimeter_URLF","provider_name":"registry.terraform.io/checkpointsw/checkpoint","schema_version":0,"values":{"add_default_rule":true,"applications_and_url_filtering":true,"color":"blue","comments":null,"content_awareness":false,"detect_using_x_forward_for":null,"firewall":true,"ignore_errors":false,"ignore_warnings":false,"implicit_cleanup_action":"drop","mobile_access":false,"name":"AWS_Perimeter URLF","shared":true,"tags":null},"sensitive_values":{}},{"address":"module.policy.checkpoint_management_access_rule.allowrule2","mode":"managed","type":"checkpoint_management_access_rule","name":"allowrule2","provider_name":"registry.terraform.io/checkpointsw/checkpoint","schema_version":0,"values":{"action":"Accept","action_settings":{"enable_identity_captive_portal":"false"},"comments":null,"content":null,"content_direction":"any","content_negate":false,"custom_fields":null,"destination":["All_Internet"],"destination_negate":false,"enabled":true,"ignore_errors":false,"ignore_warnings":false,"inline_layer":null,"install_on":null,"layer":"AWS_Perimeter URLF","name":"Allowed Categories","position":{"below":"Block Categories"},"service":["Low Risk","Medium Risk","Very Low Risk"],"service_negate":false,"source":["Any"],"source_negate":false,"time":null,"track":{"accounting":"true","alert":"none","enable_firewall_session":"true","per_connection":"true","per_session":"true","type":"Log"},"user_check":[],"vpn":"Any"},"sensitive_values":{"action_settings":{},"destination":[false],"position":{},"service":[false,false,false],"source":[false],"track":{},"user_check":[]}},{"address":"module.policy.checkpoint_management_access_rule.allowrule3","mode":"managed","type":"checkpoint_management_access_rule","name":"allowrule3","provider_name":"registry.terraform.io/checkpointsw/checkpoint","schema_version":0,"values":{"action":"Accept","action_settings":{"enable_identity_captive_portal":"false"},"comments":null,"content":null,"content_direction":"any","content_negate":false,"custom_fields":null,"destination":["All_Internet"],"destination_negate":false,"enabled":true,"ignore_errors":false,"ignore_warnings":false,"inline_layer":null,"install_on":null,"layer":"AWS_Perimeter URLF","name":"Allow All","position":{"below":"Allowed Categories"},"service":["Any"],"service_negate":false,"source":["Any"],"source_negate":false,"time":null,"track":{"accounting":"true","alert":"none","enable_firewall_session":"true","per_connection":"true","per_session":"true","type":"Log"},"user_check":[],"vpn":"Any"},"sensitive_values":{"action_settings":{},"destination":[false],"position":{},"service":[false],"source":[false],"track":{},"user_check":[]}},{"address":"module.policy.checkpoint_management_access_rule.blockrule1","mode":"managed","type":"checkpoint_management_access_rule","name":"blockrule1","provider_name":"registry.terraform.io/checkpointsw/checkpoint","schema_version":0,"values":{"action":"Drop","action_settings":null,"comments":null,"content":null,"content_direction":"any","content_negate":false,"custom_fields":null,"destination":["Any"],"destination_negate":false,"enabled":true,"ignore_errors":false,"ignore_warnings":false,"inline_layer":null,"install_on":null,"layer":"AWS_Perimeter URLF","name":"Block Categories","position":{"top":"top"},"service":["Blocked Categories"],"service_negate":false,"source":["Any"],"source_negate":false,"time":null,"track":{"accounting":"true","alert":"none","enable_firewall_session":"true","per_connection":"true","per_session":"true","type":"Log"},"user_check":[],"vpn":"Any"},"sensitive_values":{"destination":[false],"position":{},"service":[false],"source":[false],"track":{},"user_check":[]}},{"address":"module.policy.checkpoint_management_access_rule.perimeterrule1","mode":"managed","type":"checkpoint_management_access_rule","name":"perimeterrule1","provider_name":"registry.terraform.io/checkpointsw/checkpoint","schema_version":0,"values":{"action":"Accept","action_settings":{"enable_identity_captive_portal":"false"},"comments":null,"content":null,"content_direction":"any","content_negate":false,"custom_fields":null,"destination":["Any"],"destination_negate":false,"enabled":true,"ignore_errors":false,"ignore_warnings":false,"inline_layer":null,"install_on":null,"layer":"AWS_Perimeter Network","name":"Jump Host Rule","position":{"below":"Jump Host Access"},"service":["https","ssh"],"service_negate":false,"source":[".curley.duckdns.org"],"source_negate":false,"time":null,"track":{"accounting":"true","alert":"none","enable_firewall_session":"true","per_connection":"true","per_session":"true","type":"Log"},"user_check":[],"vpn":"Any"},"sensitive_values":{"action_settings":{},"destination":[false],"position":{},"service":[false,false],"source":[false],"track":{},"user_check":[]}},{"address":"module.policy.checkpoint_management_access_rule.perimeterrule2","mode":"managed","type":"checkpoint_management_access_rule","name":"perimeterrule2","provider_name":"registry.terraform.io/checkpointsw/checkpoint","schema_version":0,"values":{"action":"Apply Layer","action_settings":null,"comments":null,"content":null,"content_direction":"any","content_negate":false,"custom_fields":null,"destination":["Any"],"destination_negate":false,"enabled":true,"ignore_errors":false,"ignore_warnings":false,"inline_layer":"AWS_Perimeter URLF","install_on":null,"layer":"AWS_Perimeter Network","name":"Outbound Rule","position":{"below":"Jump Host Rule"},"service":["dns","ftp","http","https","icmp-proto","ntp","ssh"],"service_negate":false,"source":["AWS-Local-vpc"],"source_negate":false,"time":null,"track":{"accounting":"true","alert":"none","enable_firewall_session":"true","per_connection":"true","per_session":"true","type":"None"},"user_check":[],"vpn":"Any"},"sensitive_values":{"destination":[false],"position":{},"service":[false,false,false,false,false,false,false],"source":[false],"track":{},"user_check":[]}},{"address":"module.policy.checkpoint_management_access_rule.rule1","mode":"managed","type":"checkpoint_management_access_rule","name":"rule1","provider_name":"registry.terraform.io/checkpointsw/checkpoint","schema_version":0,"values":{"action":"Accept","action_settings":{"enable_identity_captive_portal":"false"},"comments":null,"content":null,"content_direction":"any","content_negate":false,"custom_fields":null,"destination":["Any"],"destination_negate":false,"enabled":true,"ignore_errors":false,"ignore_warnings":false,"inline_layer":null,"install_on":null,"layer":"AWS_AutoScale Network","name":"Jump Host Rule","position":{"below":"Jump Host access"},"service":["https","ssh"],"service_negate":false,"source":[".curley.duckdns.org"],"source_negate":false,"time":null,"track":{"accounting":"true","alert":"none","enable_firewall_session":"true","per_connection":"true","per_session":"true","type":"Log"},"user_check":[],"vpn":"Any"},"sensitive_values":{"action_settings":{},"destination":[false],"position":{},"service":[false,false],"source":[false],"track":{},"user_check":[]}},{"address":"module.policy.checkpoint_management_access_rule.rule2","mode":"managed","type":"checkpoint_management_access_rule","name":"rule2","provider_name":"registry.terraform.io/checkpointsw/checkpoint","schema_version":0,"values":{"action":"Accept","action_settings":{"enable_identity_captive_portal":"false"},"comments":null,"content":null,"content_direction":"any","content_negate":false,"custom_fields":null,"destination":["AWS-Local-vpc"],"destination_negate":false,"enabled":true,"ignore_errors":false,"ignore_warnings":false,"inline_layer":null,"install_on":null,"layer":"AWS_AutoScale Network","name":"Internal Access","position":{"below":"Jump Host Rule"},"service":["Any"],"service_negate":false,"source":["AWS-Local-vpc"],"source_negate":false,"time":null,"track":{"accounting":"true","alert":"none","enable_firewall_session":"true","per_connection":"true","per_session":"true","type":"Log"},"user_check":[],"vpn":"Any"},"sensitive_values":{"action_settings":{},"destination":[false],"position":{},"service":[false],"source":[false],"track":{},"user_check":[]}},{"address":"module.policy.checkpoint_management_access_rule.rule3","mode":"managed","type":"checkpoint_management_access_rule","name":"rule3","provider_name":"registry.terraform.io/checkpointsw/checkpoint","schema_version":0,"values":{"action":"Accept","action_settings":{"enable_identity_captive_portal":"false"},"comments":null,"content":null,"content_direction":"any","content_negate":false,"custom_fields":null,"destination":["Any"],"destination_negate":false,"enabled":true,"ignore_errors":false,"ignore_warnings":false,"inline_layer":null,"install_on":null,"layer":"AWS_AutoScale Network","name":"Internet Access","position":{"below":"Internal Access"},"service":["Any"],"service_negate":false,"source":["AWS-Local-vpc"],"source_negate":false,"time":null,"track":{"accounting":"true","alert":"none","enable_firewall_session":"true","per_connection":"true","per_session":"true","type":"Log"},"user_check":[],"vpn":"Any"},"sensitive_values":{"action_settings":{},"destination":[false],"position":{},"service":[false],"source":[false],"track":{},"user_check":[]}},{"address":"module.policy.checkpoint_management_access_rule.rule4","mode":"managed","type":"checkpoint_management_access_rule","name":"rule4","provider_name":"registry.terraform.io/checkpointsw/checkpoint","schema_version":0,"values":{"action":"Accept","action_settings":{"enable_identity_captive_portal":"false"},"comments":null,"content":null,"content_direction":"any","content_negate":false,"custom_fields":null,"destination":["LocalGatewayExternal"],"destination_negate":false,"enabled":true,"ignore_errors":false,"ignore_warnings":false,"inline_layer":null,"install_on":null,"layer":"AWS_AutoScale Network","name":"Inbound Access","position":{"below":"Internet Access"},"service":["TCP-33890","TCP-8090"],"service_negate":false,"source":["Any"],"source_negate":false,"time":null,"track":{"accounting":"true","alert":"none","enable_firewall_session":"true","per_connection":"true","per_session":"true","type":"Log"},"user_check":[],"vpn":"Any"},"sensitive_values":{"action_settings":{},"destination":[false],"position":{},"service":[false,false],"source":[false],"track":{},"user_check":[]}},{"address":"module.policy.checkpoint_management_access_section.accesssection","mode":"managed","type":"checkpoint_management_access_section","name":"accesssection","provider_name":"registry.terraform.io/checkpointsw/checkpoint","schema_version":0,"values":{"ignore_errors":false,"ignore_warnings":false,"layer":"AWS_Perimeter Network","name":"Perimeter Access","position":{"above":"Outbound Rule"}},"sensitive_values":{"position":{}}},{"address":"module.policy.checkpoint_management_access_section.autoscalecleanupsection","mode":"managed","type":"checkpoint_management_access_section","name":"autoscalecleanupsection","provider_name":"registry.terraform.io/checkpointsw/checkpoint","schema_version":0,"values":{"ignore_errors":false,"ignore_warnings":false,"layer":"AWS_AutoScale Network","name":"Cleanup Rules","position":{"above":"Cleanup rule"}},"sensitive_values":{"position":{}}},{"address":"module.policy.checkpoint_management_access_section.autoscalejumphostsection","mode":"managed","type":"checkpoint_management_access_section","name":"autoscalejumphostsection","provider_name":"registry.terraform.io/checkpointsw/checkpoint","schema_version":0,"values":{"ignore_errors":false,"ignore_warnings":false,"layer":"AWS_AutoScale Network","name":"Jump Host access","position":{"top":"top"}},"sensitive_values":{"position":{}}},{"address":"module.policy.checkpoint_management_access_section.cleanupsection","mode":"managed","type":"checkpoint_management_access_section","name":"cleanupsection","provider_name":"registry.terraform.io/checkpointsw/checkpoint","schema_version":0,"values":{"ignore_errors":false,"ignore_warnings":false,"layer":"AWS_Perimeter Network","name":"Cleanup Rules","position":{"above":"Cleanup rule"}},"sensitive_values":{"position":{}}},{"address":"module.policy.checkpoint_management_access_section.jumpsection","mode":"managed","type":"checkpoint_management_access_section","name":"jumpsection","provider_name":"registry.terraform.io/checkpointsw/checkpoint","schema_version":0,"values":{"ignore_errors":false,"ignore_warnings":false,"layer":"AWS_Perimeter Network","name":"Jump Host Access","position":{"top":"top"}},"sensitive_values":{"position":{}}},{"address":"module.policy.checkpoint_management_application_site.blocksite1","mode":"managed","type":"checkpoint_management_application_site","name":"blocksite1","provider_name":"registry.terraform.io/checkpointsw/checkpoint","schema_version":0,"values":{"additional_categories":null,"application_signature":null,"color":"black","comments":null,"description":"Blocked Categories","ignore_errors":false,"ignore_warnings":false,"name":"Blocked Categories","primary_category":"Critical Risk","tags":null,"url_list":["www.bitcoin.com","www.lotto.com"],"urls_defined_as_regular_expression":false},"sensitive_values":{"url_list":[false,false]}},{"address":"module.policy.checkpoint_management_dns_domain.jumphost","mode":"managed","type":"checkpoint_management_dns_domain","name":"jumphost","provider_name":"registry.terraform.io/checkpointsw/checkpoint","schema_version":0,"values":{"color":"blue","comments":null,"ignore_errors":false,"ignore_warnings":false,"is_sub_domain":false,"name":".curley.duckdns.org","tags":null},"sensitive_values":{}},{"address":"module.policy.checkpoint_management_dynamic_object.localgatewayexternal","mode":"managed","type":"checkpoint_management_dynamic_object","name":"localgatewayexternal","provider_name":"registry.terraform.io/checkpointsw/checkpoint","schema_version":0,"values":{"color":"blue","comments":null,"ignore_errors":false,"ignore_warnings":false,"name":"LocalGatewayExternal","tags":null},"sensitive_values":{}},{"address":"module.policy.checkpoint_management_dynamic_object.localgatewayinternal","mode":"managed","type":"checkpoint_management_dynamic_object","name":"localgatewayinternal","provider_name":"registry.terraform.io/checkpointsw/checkpoint","schema_version":0,"values":{"color":"blue","comments":null,"ignore_errors":false,"ignore_warnings":false,"name":"LocalGatewayInternal","tags":null},"sensitive_values":{}},{"address":"module.policy.checkpoint_management_host.azurelbhealthcheck","mode":"managed","type":"checkpoint_management_host","name":"azurelbhealthcheck","provider_name":"registry.terraform.io/checkpointsw/checkpoint","schema_version":0,"values":{"color":"light green","comments":null,"host_servers":[],"ignore_errors":false,"ignore_warnings":false,"interfaces":[],"ipv4_address":"168.63.129.16","ipv6_address":null,"name":"azure_lb_health_check","nat_settings":{"auto_rule":"false"},"tags":null},"sensitive_values":{"host_servers":[],"interfaces":[],"nat_settings":{}}},{"address":"module.policy.checkpoint_management_host.internallb","mode":"managed","type":"checkpoint_management_host","name":"internallb","provider_name":"registry.terraform.io/checkpointsw/checkpoint","schema_version":0,"values":{"color":"blue","comments":null,"host_servers":[],"ignore_errors":false,"ignore_warnings":false,"interfaces":[],"ipv4_address":"10.99.1.11","ipv6_address":null,"name":"internallb","nat_settings":{"auto_rule":"false"},"tags":null},"sensitive_values":{"host_servers":[],"interfaces":[],"nat_settings":{}}},{"address":"module.policy.checkpoint_management_host.rdphost","mode":"managed","type":"checkpoint_management_host","name":"rdphost","provider_name":"registry.terraform.io/checkpointsw/checkpoint","schema_version":0,"values":{"color":"red","comments":null,"host_servers":[],"ignore_errors":false,"ignore_warnings":false,"interfaces":[],"ipv4_address":"10.99.11.4","ipv6_address":null,"name":"rdphost","nat_settings":{"auto_rule":"false"},"tags":null},"sensitive_values":{"host_servers":[],"interfaces":[],"nat_settings":{}}},{"address":"module.policy.checkpoint_management_network.vpc_local","mode":"managed","type":"checkpoint_management_network","name":"vpc_local","provider_name":"registry.terraform.io/checkpointsw/checkpoint","schema_version":0,"values":{"broadcast":"allow","color":"red","comments":null,"ignore_errors":false,"ignore_warnings":false,"mask_length4":16,"mask_length6":null,"name":"AWS-Local-vpc","nat_settings":{"auto_rule":"true","hide_behind":"gateway","install_on":"All","method":"hide"},"subnet4":"10.30.0.0","subnet6":null,"tags":null},"sensitive_values":{"nat_settings":{}}},{"address":"module.policy.checkpoint_management_package.AWS_AutoScale","mode":"managed","type":"checkpoint_management_package","name":"AWS_AutoScale","provider_name":"registry.terraform.io/checkpointsw/checkpoint","schema_version":0,"values":{"access":true,"color":"orange","comments":null,"desktop_security":false,"ignore_errors":false,"ignore_warnings":false,"installation_targets":null,"name":"AWS_AutoScale","qos":false,"qos_policy_type":"recommended","tags":null,"threat_prevention":true,"vpn_traditional_mode":false},"sensitive_values":{}},{"address":"module.policy.checkpoint_management_package.AWS_Perimeter","mode":"managed","type":"checkpoint_management_package","name":"AWS_Perimeter","provider_name":"registry.terraform.io/checkpointsw/checkpoint","schema_version":0,"values":{"access":true,"color":"orange","comments":null,"desktop_security":false,"ignore_errors":false,"ignore_warnings":false,"installation_targets":null,"name":"AWS_Perimeter","qos":false,"qos_policy_type":"recommended","tags":null,"threat_prevention":true,"vpn_traditional_mode":false},"sensitive_values":{}},{"address":"module.policy.checkpoint_management_service_tcp.healthcheck","mode":"managed","type":"checkpoint_management_service_tcp","name":"healthcheck","provider_name":"registry.terraform.io/checkpointsw/checkpoint","schema_version":0,"values":{"aggressive_aging":null,"color":"blue","comments":null,"ignore_errors":false,"ignore_warnings":false,"keep_connections_open_after_policy_installation":null,"match_by_protocol_signature":false,"match_for_any":false,"name":"AzureHealthCheck","override_default_settings":null,"port":"8117","protocol":null,"session_timeout":3600,"source_port":null,"sync_connections_on_cluster":true,"tags":null,"use_default_session_timeout":true},"sensitive_values":{}},{"address":"module.policy.checkpoint_management_service_tcp.tcp33890","mode":"managed","type":"checkpoint_management_service_tcp","name":"tcp33890","provider_name":"registry.terraform.io/checkpointsw/checkpoint","schema_version":0,"values":{"aggressive_aging":null,"color":"blue","comments":null,"ignore_errors":false,"ignore_warnings":false,"keep_connections_open_after_policy_installation":null,"match_by_protocol_signature":false,"match_for_any":false,"name":"TCP-33890","override_default_settings":null,"port":"33890","protocol":null,"session_timeout":3600,"source_port":null,"sync_connections_on_cluster":true,"tags":null,"use_default_session_timeout":true},"sensitive_values":{}},{"address":"module.policy.checkpoint_management_service_tcp.tcp8090","mode":"managed","type":"checkpoint_management_service_tcp","name":"tcp8090","provider_name":"registry.terraform.io/checkpointsw/checkpoint","schema_version":0,"values":{"aggressive_aging":null,"color":"blue","comments":null,"ignore_errors":false,"ignore_warnings":false,"keep_connections_open_after_policy_installation":null,"match_by_protocol_signature":false,"match_for_any":false,"name":"TCP-8090","override_default_settings":null,"port":"8090","protocol":null,"session_timeout":3600,"source_port":null,"sync_connections_on_cluster":true,"tags":null,"use_default_session_timeout":true},"sensitive_values":{}}],"address":"module.policy"}]}},"resource_changes":[{"address":"checkpoint_management_logout.logout","mode":"managed","type":"checkpoint_management_logout","name":"logout","provider_name":"registry.terraform.io/checkpointsw/checkpoint","change":{"actions":["create"],"before":null,"after":{"triggers":null},"after_unknown":{"id":true},"before_sensitive":false,"after_sensitive":{}}},{"address":"checkpoint_management_publish.publish","mode":"managed","type":"checkpoint_management_publish","name":"publish","provider_name":"registry.terraform.io/checkpointsw/checkpoint","change":{"actions":["create"],"before":null,"after":{"run_publish_on_destroy":null,"triggers":["24e2f80797f95d89612d4d50142edda6032c6117329cec31940f266e9ba8d837","33792d48c734b956781702bbe7235ef31d1d1ea1a7e907baaf0996375cc083eb","440222badef7042f394f85bf23aaf4dbf9ef0ee66778a7a604054abef1c07720","578511498d1eaa600b05c5e535c96a9c3b36ff3168f0c3500724e44bb860d287","6544ce930117f33fa73fb61fcb0a6d4e2bf30ad1d18183006b3f33432e358521","71efd0a58ef1e3e92f0ead8354fc94bea660444257102e6832c9e8bc6684fc67","7eb900caac8d93fcd1b4667634eeda8596f026de7f3b5955b6e95ff650669284","86ed090a35a25865a90852bd50a635fdbfe3e18a661d3002010e6effb49f04b9","946e85ccd59c81e93052963662367fd3ab9fc0503a91255e42c8cd96a54446a4","a3e7bff16880bccdaac52361f81ce084c9d3e8795bfce04bb54343c92b3b5b3b","a47920812e5befa78fb57449e3590dd6d0e737ec40a1fc223bb59b79b11f7796"],"uid":null},"after_unknown":{"id":true,"task_id":true,"triggers":[false,false,false,false,false,false,false,false,false,false,false]},"before_sensitive":false,"after_sensitive":{"triggers":[false,false,false,false,false,false,false,false,false,false,false]}}},{"address":"module.policy.checkpoint_management_access_layer.AWS_Perimeter_URLF","module_address":"module.policy","mode":"managed","type":"checkpoint_management_access_layer","name":"AWS_Perimeter_URLF","provider_name":"registry.terraform.io/checkpointsw/checkpoint","change":{"actions":["create"],"before":null,"after":{"add_default_rule":true,"applications_and_url_filtering":true,"color":"blue","comments":null,"content_awareness":false,"detect_using_x_forward_for":null,"firewall":true,"ignore_errors":false,"ignore_warnings":false,"implicit_cleanup_action":"drop","mobile_access":false,"name":"AWS_Perimeter URLF","shared":true,"tags":null},"after_unknown":{"id":true},"before_sensitive":false,"after_sensitive":{}}},{"address":"module.policy.checkpoint_management_access_rule.allowrule2","module_address":"module.policy","mode":"managed","type":"checkpoint_management_access_rule","name":"allowrule2","provider_name":"registry.terraform.io/checkpointsw/checkpoint","change":{"actions":["create"],"before":null,"after":{"action":"Accept","action_settings":{"enable_identity_captive_portal":"false"},"comments":null,"content":null,"content_direction":"any","content_negate":false,"custom_fields":null,"destination":["All_Internet"],"destination_negate":false,"enabled":true,"ignore_errors":false,"ignore_warnings":false,"inline_layer":null,"install_on":null,"layer":"AWS_Perimeter URLF","name":"Allowed Categories","position":{"below":"Block Categories"},"service":["Low Risk","Medium Risk","Very Low Risk"],"service_negate":false,"source":["Any"],"source_negate":false,"time":null,"track":{"accounting":"true","alert":"none","enable_firewall_session":"true","per_connection":"true","per_session":"true","type":"Log"},"user_check":[],"vpn":"Any"},"after_unknown":{"action_settings":{},"destination":[false],"id":true,"position":{},"service":[false,false,false],"source":[false],"track":{},"user_check":[]},"before_sensitive":false,"after_sensitive":{"action_settings":{},"destination":[false],"position":{},"service":[false,false,false],"source":[false],"track":{},"user_check":[]}}},{"address":"module.policy.checkpoint_management_access_rule.allowrule3","module_address":"module.policy","mode":"managed","type":"checkpoint_management_access_rule","name":"allowrule3","provider_name":"registry.terraform.io/checkpointsw/checkpoint","change":{"actions":["create"],"before":null,"after":{"action":"Accept","action_settings":{"enable_identity_captive_portal":"false"},"comments":null,"content":null,"content_direction":"any","content_negate":false,"custom_fields":null,"destination":["All_Internet"],"destination_negate":false,"enabled":true,"ignore_errors":false,"ignore_warnings":false,"inline_layer":null,"install_on":null,"layer":"AWS_Perimeter URLF","name":"Allow All","position":{"below":"Allowed Categories"},"service":["Any"],"service_negate":false,"source":["Any"],"source_negate":false,"time":null,"track":{"accounting":"true","alert":"none","enable_firewall_session":"true","per_connection":"true","per_session":"true","type":"Log"},"user_check":[],"vpn":"Any"},"after_unknown":{"action_settings":{},"destination":[false],"id":true,"position":{},"service":[false],"source":[false],"track":{},"user_check":[]},"before_sensitive":false,"after_sensitive":{"action_settings":{},"destination":[false],"position":{},"service":[false],"source":[false],"track":{},"user_check":[]}}},{"address":"module.policy.checkpoint_management_access_rule.blockrule1","module_address":"module.policy","mode":"managed","type":"checkpoint_management_access_rule","name":"blockrule1","provider_name":"registry.terraform.io/checkpointsw/checkpoint","change":{"actions":["create"],"before":null,"after":{"action":"Drop","action_settings":null,"comments":null,"content":null,"content_direction":"any","content_negate":false,"custom_fields":null,"destination":["Any"],"destination_negate":false,"enabled":true,"ignore_errors":false,"ignore_warnings":false,"inline_layer":null,"install_on":null,"layer":"AWS_Perimeter URLF","name":"Block Categories","position":{"top":"top"},"service":["Blocked Categories"],"service_negate":false,"source":["Any"],"source_negate":false,"time":null,"track":{"accounting":"true","alert":"none","enable_firewall_session":"true","per_connection":"true","per_session":"true","type":"Log"},"user_check":[],"vpn":"Any"},"after_unknown":{"destination":[false],"id":true,"position":{},"service":[false],"source":[false],"track":{},"user_check":[]},"before_sensitive":false,"after_sensitive":{"destination":[false],"position":{},"service":[false],"source":[false],"track":{},"user_check":[]}}},{"address":"module.policy.checkpoint_management_access_rule.perimeterrule1","module_address":"module.policy","mode":"managed","type":"checkpoint_management_access_rule","name":"perimeterrule1","provider_name":"registry.terraform.io/checkpointsw/checkpoint","change":{"actions":["create"],"before":null,"after":{"action":"Accept","action_settings":{"enable_identity_captive_portal":"false"},"comments":null,"content":null,"content_direction":"any","content_negate":false,"custom_fields":null,"destination":["Any"],"destination_negate":false,"enabled":true,"ignore_errors":false,"ignore_warnings":false,"inline_layer":null,"install_on":null,"layer":"AWS_Perimeter Network","name":"Jump Host Rule","position":{"below":"Jump Host Access"},"service":["https","ssh"],"service_negate":false,"source":[".curley.duckdns.org"],"source_negate":false,"time":null,"track":{"accounting":"true","alert":"none","enable_firewall_session":"true","per_connection":"true","per_session":"true","type":"Log"},"user_check":[],"vpn":"Any"},"after_unknown":{"action_settings":{},"destination":[false],"id":true,"position":{},"service":[false,false],"source":[false],"track":{},"user_check":[]},"before_sensitive":false,"after_sensitive":{"action_settings":{},"destination":[false],"position":{},"service":[false,false],"source":[false],"track":{},"user_check":[]}}},{"address":"module.policy.checkpoint_management_access_rule.perimeterrule2","module_address":"module.policy","mode":"managed","type":"checkpoint_management_access_rule","name":"perimeterrule2","provider_name":"registry.terraform.io/checkpointsw/checkpoint","change":{"actions":["create"],"before":null,"after":{"action":"Apply Layer","action_settings":null,"comments":null,"content":null,"content_direction":"any","content_negate":false,"custom_fields":null,"destination":["Any"],"destination_negate":false,"enabled":true,"ignore_errors":false,"ignore_warnings":false,"inline_layer":"AWS_Perimeter URLF","install_on":null,"layer":"AWS_Perimeter Network","name":"Outbound Rule","position":{"below":"Jump Host Rule"},"service":["dns","ftp","http","https","icmp-proto","ntp","ssh"],"service_negate":false,"source":["AWS-Local-vpc"],"source_negate":false,"time":null,"track":{"accounting":"true","alert":"none","enable_firewall_session":"true","per_connection":"true","per_session":"true","type":"None"},"user_check":[],"vpn":"Any"},"after_unknown":{"destination":[false],"id":true,"position":{},"service":[false,false,false,false,false,false,false],"source":[false],"track":{},"user_check":[]},"before_sensitive":false,"after_sensitive":{"destination":[false],"position":{},"service":[false,false,false,false,false,false,false],"source":[false],"track":{},"user_check":[]}}},{"address":"module.policy.checkpoint_management_access_rule.rule1","module_address":"module.policy","mode":"managed","type":"checkpoint_management_access_rule","name":"rule1","provider_name":"registry.terraform.io/checkpointsw/checkpoint","change":{"actions":["create"],"before":null,"after":{"action":"Accept","action_settings":{"enable_identity_captive_portal":"false"},"comments":null,"content":null,"content_direction":"any","content_negate":false,"custom_fields":null,"destination":["Any"],"destination_negate":false,"enabled":true,"ignore_errors":false,"ignore_warnings":false,"inline_layer":null,"install_on":null,"layer":"AWS_AutoScale Network","name":"Jump Host Rule","position":{"below":"Jump Host access"},"service":["https","ssh"],"service_negate":false,"source":[".curley.duckdns.org"],"source_negate":false,"time":null,"track":{"accounting":"true","alert":"none","enable_firewall_session":"true","per_connection":"true","per_session":"true","type":"Log"},"user_check":[],"vpn":"Any"},"after_unknown":{"action_settings":{},"destination":[false],"id":true,"position":{},"service":[false,false],"source":[false],"track":{},"user_check":[]},"before_sensitive":false,"after_sensitive":{"action_settings":{},"destination":[false],"position":{},"service":[false,false],"source":[false],"track":{},"user_check":[]}}},{"address":"module.policy.checkpoint_management_access_rule.rule2","module_address":"module.policy","mode":"managed","type":"checkpoint_management_access_rule","name":"rule2","provider_name":"registry.terraform.io/checkpointsw/checkpoint","change":{"actions":["create"],"before":null,"after":{"action":"Accept","action_settings":{"enable_identity_captive_portal":"false"},"comments":null,"content":null,"content_direction":"any","content_negate":false,"custom_fields":null,"destination":["AWS-Local-vpc"],"destination_negate":false,"enabled":true,"ignore_errors":false,"ignore_warnings":false,"inline_layer":null,"install_on":null,"layer":"AWS_AutoScale Network","name":"Internal Access","position":{"below":"Jump Host Rule"},"service":["Any"],"service_negate":false,"source":["AWS-Local-vpc"],"source_negate":false,"time":null,"track":{"accounting":"true","alert":"none","enable_firewall_session":"true","per_connection":"true","per_session":"true","type":"Log"},"user_check":[],"vpn":"Any"},"after_unknown":{"action_settings":{},"destination":[false],"id":true,"position":{},"service":[false],"source":[false],"track":{},"user_check":[]},"before_sensitive":false,"after_sensitive":{"action_settings":{},"destination":[false],"position":{},"service":[false],"source":[false],"track":{},"user_check":[]}}},{"address":"module.policy.checkpoint_management_access_rule.rule3","module_address":"module.policy","mode":"managed","type":"checkpoint_management_access_rule","name":"rule3","provider_name":"registry.terraform.io/checkpointsw/checkpoint","change":{"actions":["create"],"before":null,"after":{"action":"Accept","action_settings":{"enable_identity_captive_portal":"false"},"comments":null,"content":null,"content_direction":"any","content_negate":false,"custom_fields":null,"destination":["Any"],"destination_negate":false,"enabled":true,"ignore_errors":false,"ignore_warnings":false,"inline_layer":null,"install_on":null,"layer":"AWS_AutoScale Network","name":"Internet Access","position":{"below":"Internal Access"},"service":["Any"],"service_negate":false,"source":["AWS-Local-vpc"],"source_negate":false,"time":null,"track":{"accounting":"true","alert":"none","enable_firewall_session":"true","per_connection":"true","per_session":"true","type":"Log"},"user_check":[],"vpn":"Any"},"after_unknown":{"action_settings":{},"destination":[false],"id":true,"position":{},"service":[false],"source":[false],"track":{},"user_check":[]},"before_sensitive":false,"after_sensitive":{"action_settings":{},"destination":[false],"position":{},"service":[false],"source":[false],"track":{},"user_check":[]}}},{"address":"module.policy.checkpoint_management_access_rule.rule4","module_address":"module.policy","mode":"managed","type":"checkpoint_management_access_rule","name":"rule4","provider_name":"registry.terraform.io/checkpointsw/checkpoint","change":{"actions":["create"],"before":null,"after":{"action":"Accept","action_settings":{"enable_identity_captive_portal":"false"},"comments":null,"content":null,"content_direction":"any","content_negate":false,"custom_fields":null,"destination":["LocalGatewayExternal"],"destination_negate":false,"enabled":true,"ignore_errors":false,"ignore_warnings":false,"inline_layer":null,"install_on":null,"layer":"AWS_AutoScale Network","name":"Inbound Access","position":{"below":"Internet Access"},"service":["TCP-33890","TCP-8090"],"service_negate":false,"source":["Any"],"source_negate":false,"time":null,"track":{"accounting":"true","alert":"none","enable_firewall_session":"true","per_connection":"true","per_session":"true","type":"Log"},"user_check":[],"vpn":"Any"},"after_unknown":{"action_settings":{},"destination":[false],"id":true,"position":{},"service":[false,false],"source":[false],"track":{},"user_check":[]},"before_sensitive":false,"after_sensitive":{"action_settings":{},"destination":[false],"position":{},"service":[false,false],"source":[false],"track":{},"user_check":[]}}},{"address":"module.policy.checkpoint_management_access_section.accesssection","module_address":"module.policy","mode":"managed","type":"checkpoint_management_access_section","name":"accesssection","provider_name":"registry.terraform.io/checkpointsw/checkpoint","change":{"actions":["create"],"before":null,"after":{"ignore_errors":false,"ignore_warnings":false,"layer":"AWS_Perimeter Network","name":"Perimeter Access","position":{"above":"Outbound Rule"}},"after_unknown":{"id":true,"position":{}},"before_sensitive":false,"after_sensitive":{"position":{}}}},{"address":"module.policy.checkpoint_management_access_section.autoscalecleanupsection","module_address":"module.policy","mode":"managed","type":"checkpoint_management_access_section","name":"autoscalecleanupsection","provider_name":"registry.terraform.io/checkpointsw/checkpoint","change":{"actions":["create"],"before":null,"after":{"ignore_errors":false,"ignore_warnings":false,"layer":"AWS_AutoScale Network","name":"Cleanup Rules","position":{"above":"Cleanup rule"}},"after_unknown":{"id":true,"position":{}},"before_sensitive":false,"after_sensitive":{"position":{}}}},{"address":"module.policy.checkpoint_management_access_section.autoscalejumphostsection","module_address":"module.policy","mode":"managed","type":"checkpoint_management_access_section","name":"autoscalejumphostsection","provider_name":"registry.terraform.io/checkpointsw/checkpoint","change":{"actions":["create"],"before":null,"after":{"ignore_errors":false,"ignore_warnings":false,"layer":"AWS_AutoScale Network","name":"Jump Host access","position":{"top":"top"}},"after_unknown":{"id":true,"position":{}},"before_sensitive":false,"after_sensitive":{"position":{}}}},{"address":"module.policy.checkpoint_management_access_section.cleanupsection","module_address":"module.policy","mode":"managed","type":"checkpoint_management_access_section","name":"cleanupsection","provider_name":"registry.terraform.io/checkpointsw/checkpoint","change":{"actions":["create"],"before":null,"after":{"ignore_errors":false,"ignore_warnings":false,"layer":"AWS_Perimeter Network","name":"Cleanup Rules","position":{"above":"Cleanup rule"}},"after_unknown":{"id":true,"position":{}},"before_sensitive":false,"after_sensitive":{"position":{}}}},{"address":"module.policy.checkpoint_management_access_section.jumpsection","module_address":"module.policy","mode":"managed","type":"checkpoint_management_access_section","name":"jumpsection","provider_name":"registry.terraform.io/checkpointsw/checkpoint","change":{"actions":["create"],"before":null,"after":{"ignore_errors":false,"ignore_warnings":false,"layer":"AWS_Perimeter Network","name":"Jump Host Access","position":{"top":"top"}},"after_unknown":{"id":true,"position":{}},"before_sensitive":false,"after_sensitive":{"position":{}}}},{"address":"module.policy.checkpoint_management_application_site.blocksite1","module_address":"module.policy","mode":"managed","type":"checkpoint_management_application_site","name":"blocksite1","provider_name":"registry.terraform.io/checkpointsw/checkpoint","change":{"actions":["create"],"before":null,"after":{"additional_categories":null,"application_signature":null,"color":"black","comments":null,"description":"Blocked Categories","ignore_errors":false,"ignore_warnings":false,"name":"Blocked Categories","primary_category":"Critical Risk","tags":null,"url_list":["www.bitcoin.com","www.lotto.com"],"urls_defined_as_regular_expression":false},"after_unknown":{"id":true,"url_list":[false,false]},"before_sensitive":false,"after_sensitive":{"url_list":[false,false]}}},{"address":"module.policy.checkpoint_management_dns_domain.jumphost","module_address":"module.policy","mode":"managed","type":"checkpoint_management_dns_domain","name":"jumphost","provider_name":"registry.terraform.io/checkpointsw/checkpoint","change":{"actions":["create"],"before":null,"after":{"color":"blue","comments":null,"ignore_errors":false,"ignore_warnings":false,"is_sub_domain":false,"name":".curley.duckdns.org","tags":null},"after_unknown":{"id":true},"before_sensitive":false,"after_sensitive":{}}},{"address":"module.policy.checkpoint_management_dynamic_object.localgatewayexternal","module_address":"module.policy","mode":"managed","type":"checkpoint_management_dynamic_object","name":"localgatewayexternal","provider_name":"registry.terraform.io/checkpointsw/checkpoint","change":{"actions":["create"],"before":null,"after":{"color":"blue","comments":null,"ignore_errors":false,"ignore_warnings":false,"name":"LocalGatewayExternal","tags":null},"after_unknown":{"id":true},"before_sensitive":false,"after_sensitive":{}}},{"address":"module.policy.checkpoint_management_dynamic_object.localgatewayinternal","module_address":"module.policy","mode":"managed","type":"checkpoint_management_dynamic_object","name":"localgatewayinternal","provider_name":"registry.terraform.io/checkpointsw/checkpoint","change":{"actions":["create"],"before":null,"after":{"color":"blue","comments":null,"ignore_errors":false,"ignore_warnings":false,"name":"LocalGatewayInternal","tags":null},"after_unknown":{"id":true},"before_sensitive":false,"after_sensitive":{}}},{"address":"module.policy.checkpoint_management_host.azurelbhealthcheck","module_address":"module.policy","mode":"managed","type":"checkpoint_management_host","name":"azurelbhealthcheck","provider_name":"registry.terraform.io/checkpointsw/checkpoint","change":{"actions":["create"],"before":null,"after":{"color":"light green","comments":null,"host_servers":[],"ignore_errors":false,"ignore_warnings":false,"interfaces":[],"ipv4_address":"168.63.129.16","ipv6_address":null,"name":"azure_lb_health_check","nat_settings":{"auto_rule":"false"},"tags":null},"after_unknown":{"host_servers":[],"id":true,"interfaces":[],"nat_settings":{}},"before_sensitive":false,"after_sensitive":{"host_servers":[],"interfaces":[],"nat_settings":{}}}},{"address":"module.policy.checkpoint_management_host.internallb","module_address":"module.policy","mode":"managed","type":"checkpoint_management_host","name":"internallb","provider_name":"registry.terraform.io/checkpointsw/checkpoint","change":{"actions":["create"],"before":null,"after":{"color":"blue","comments":null,"host_servers":[],"ignore_errors":false,"ignore_warnings":false,"interfaces":[],"ipv4_address":"10.99.1.11","ipv6_address":null,"name":"internallb","nat_settings":{"auto_rule":"false"},"tags":null},"after_unknown":{"host_servers":[],"id":true,"interfaces":[],"nat_settings":{}},"before_sensitive":false,"after_sensitive":{"host_servers":[],"interfaces":[],"nat_settings":{}}}},{"address":"module.policy.checkpoint_management_host.rdphost","module_address":"module.policy","mode":"managed","type":"checkpoint_management_host","name":"rdphost","provider_name":"registry.terraform.io/checkpointsw/checkpoint","change":{"actions":["create"],"before":null,"after":{"color":"red","comments":null,"host_servers":[],"ignore_errors":false,"ignore_warnings":false,"interfaces":[],"ipv4_address":"10.99.11.4","ipv6_address":null,"name":"rdphost","nat_settings":{"auto_rule":"false"},"tags":null},"after_unknown":{"host_servers":[],"id":true,"interfaces":[],"nat_settings":{}},"before_sensitive":false,"after_sensitive":{"host_servers":[],"interfaces":[],"nat_settings":{}}}},{"address":"module.policy.checkpoint_management_network.vpc_local","module_address":"module.policy","mode":"managed","type":"checkpoint_management_network","name":"vpc_local","provider_name":"registry.terraform.io/checkpointsw/checkpoint","change":{"actions":["create"],"before":null,"after":{"broadcast":"allow","color":"red","comments":null,"ignore_errors":false,"ignore_warnings":false,"mask_length4":16,"mask_length6":null,"name":"AWS-Local-vpc","nat_settings":{"auto_rule":"true","hide_behind":"gateway","install_on":"All","method":"hide"},"subnet4":"10.30.0.0","subnet6":null,"tags":null},"after_unknown":{"id":true,"nat_settings":{}},"before_sensitive":false,"after_sensitive":{"nat_settings":{}}}},{"address":"module.policy.checkpoint_management_package.AWS_AutoScale","module_address":"module.policy","mode":"managed","type":"checkpoint_management_package","name":"AWS_AutoScale","provider_name":"registry.terraform.io/checkpointsw/checkpoint","change":{"actions":["create"],"before":null,"after":{"access":true,"color":"orange","comments":null,"desktop_security":false,"ignore_errors":false,"ignore_warnings":false,"installation_targets":null,"name":"AWS_AutoScale","qos":false,"qos_policy_type":"recommended","tags":null,"threat_prevention":true,"vpn_traditional_mode":false},"after_unknown":{"id":true},"before_sensitive":false,"after_sensitive":{}}},{"address":"module.policy.checkpoint_management_package.AWS_Perimeter","module_address":"module.policy","mode":"managed","type":"checkpoint_management_package","name":"AWS_Perimeter","provider_name":"registry.terraform.io/checkpointsw/checkpoint","change":{"actions":["create"],"before":null,"after":{"access":true,"color":"orange","comments":null,"desktop_security":false,"ignore_errors":false,"ignore_warnings":false,"installation_targets":null,"name":"AWS_Perimeter","qos":false,"qos_policy_type":"recommended","tags":null,"threat_prevention":true,"vpn_traditional_mode":false},"after_unknown":{"id":true},"before_sensitive":false,"after_sensitive":{}}},{"address":"module.policy.checkpoint_management_service_tcp.healthcheck","module_address":"module.policy","mode":"managed","type":"checkpoint_management_service_tcp","name":"healthcheck","provider_name":"registry.terraform.io/checkpointsw/checkpoint","change":{"actions":["create"],"before":null,"after":{"aggressive_aging":null,"color":"blue","comments":null,"ignore_errors":false,"ignore_warnings":false,"keep_connections_open_after_policy_installation":null,"match_by_protocol_signature":false,"match_for_any":false,"name":"AzureHealthCheck","override_default_settings":null,"port":"8117","protocol":null,"session_timeout":3600,"source_port":null,"sync_connections_on_cluster":true,"tags":null,"use_default_session_timeout":true},"after_unknown":{"id":true},"before_sensitive":false,"after_sensitive":{}}},{"address":"module.policy.checkpoint_management_service_tcp.tcp33890","module_address":"module.policy","mode":"managed","type":"checkpoint_management_service_tcp","name":"tcp33890","provider_name":"registry.terraform.io/checkpointsw/checkpoint","change":{"actions":["create"],"before":null,"after":{"aggressive_aging":null,"color":"blue","comments":null,"ignore_errors":false,"ignore_warnings":false,"keep_connections_open_after_policy_installation":null,"match_by_protocol_signature":false,"match_for_any":false,"name":"TCP-33890","override_default_settings":null,"port":"33890","protocol":null,"session_timeout":3600,"source_port":null,"sync_connections_on_cluster":true,"tags":null,"use_default_session_timeout":true},"after_unknown":{"id":true},"before_sensitive":false,"after_sensitive":{}}},{"address":"module.policy.checkpoint_management_service_tcp.tcp8090","module_address":"module.policy","mode":"managed","type":"checkpoint_management_service_tcp","name":"tcp8090","provider_name":"registry.terraform.io/checkpointsw/checkpoint","change":{"actions":["create"],"before":null,"after":{"aggressive_aging":null,"color":"blue","comments":null,"ignore_errors":false,"ignore_warnings":false,"keep_connections_open_after_policy_installation":null,"match_by_protocol_signature":false,"match_for_any":false,"name":"TCP-8090","override_default_settings":null,"port":"8090","protocol":null,"session_timeout":3600,"source_port":null,"sync_connections_on_cluster":true,"tags":null,"use_default_session_timeout":true},"after_unknown":{"id":true},"before_sensitive":false,"after_sensitive":{}}}],"configuration":{"provider_config":{"checkpoint":{"name":"checkpoint","full_name":"registry.terraform.io/checkpointsw/checkpoint"},"null":{"name":"null","full_name":"registry.terraform.io/hashicorp/null"}},"root_module":{"resources":[{"address":"checkpoint_management_logout.logout","mode":"managed","type":"checkpoint_management_logout","name":"logout","provider_config_key":"checkpoint","schema_version":0,"depends_on":["checkpoint_management_publish.publish"]},{"address":"checkpoint_management_publish.publish","mode":"managed","type":"checkpoint_management_publish","name":"publish","provider_config_key":"checkpoint","expressions":{"triggers":{"references":["local.publish_triggers"]}},"schema_version":0,"depends_on":["module.policy"]},{"address":"null_resource.installpolicy","mode":"managed","type":"null_resource","name":"installpolicy","provider_config_key":"null","provisioners":[{"type":"local-exec","expressions":{"command":{"constant_value":"/home/ubuntu/Terraform_Module_Test/installpolicy.sh"},"interpreter":{"constant_value":["/bin/bash"]}}}],"expressions":{"triggers":{"constant_value":{"version":"1"}}},"schema_version":0,"count_expression":{"references":["var.policy_install"]},"depends_on":["checkpoint_management_publish.publish"]}],"module_calls":{"policy":{"source":"./policy","module":{"resources":[{"address":"checkpoint_management_access_layer.AWS_Perimeter_URLF","mode":"managed","type":"checkpoint_management_access_layer","name":"AWS_Perimeter_URLF","provider_config_key":"checkpoint","expressions":{"applications_and_url_filtering":{"constant_value":true},"color":{"constant_value":"blue"},"firewall":{"constant_value":true},"name":{"references":["checkpoint_management_package.AWS_Perimeter.name","checkpoint_management_package.AWS_Perimeter"]},"shared":{"constant_value":true}},"schema_version":0},{"address":"checkpoint_management_access_rule.allowrule2","mode":"managed","type":"checkpoint_management_access_rule","name":"allowrule2","provider_config_key":"checkpoint","expressions":{"action":{"constant_value":"Accept"},"action_settings":{"constant_value":{"enable_identity_captive_portal":false}},"destination":{"constant_value":["All_Internet"]},"enabled":{"constant_value":true},"layer":{"references":["checkpoint_management_access_layer.AWS_Perimeter_URLF.name","checkpoint_management_access_layer.AWS_Perimeter_URLF"]},"name":{"constant_value":"Allowed Categories"},"position":{"references":["checkpoint_management_access_rule.blockrule1.name","checkpoint_management_access_rule.blockrule1"]},"service":{"constant_value":["Low Risk","Very Low Risk","Medium Risk"]},"source":{"constant_value":["Any"]},"track":{"constant_value":{"accounting":true,"alert":"none","enable_firewall_session":true,"per_connection":true,"per_session":true,"type":"Log"}}},"schema_version":0},{"address":"checkpoint_management_access_rule.allowrule3","mode":"managed","type":"checkpoint_management_access_rule","name":"allowrule3","provider_config_key":"checkpoint","expressions":{"action":{"constant_value":"Accept"},"action_settings":{"constant_value":{"enable_identity_captive_portal":false}},"destination":{"constant_value":["All_Internet"]},"enabled":{"constant_value":true},"layer":{"references":["checkpoint_management_access_layer.AWS_Perimeter_URLF.name","checkpoint_management_access_layer.AWS_Perimeter_URLF"]},"name":{"constant_value":"Allow All"},"position":{"references":["checkpoint_management_access_rule.allowrule2.name","checkpoint_management_access_rule.allowrule2"]},"service":{"constant_value":["Any"]},"source":{"constant_value":["Any"]},"track":{"constant_value":{"accounting":true,"alert":"none","enable_firewall_session":true,"per_connection":true,"per_session":true,"type":"Log"}}},"schema_version":0},{"address":"checkpoint_management_access_rule.blockrule1","mode":"managed","type":"checkpoint_management_access_rule","name":"blockrule1","provider_config_key":"checkpoint","expressions":{"action":{"constant_value":"Drop"},"destination":{"constant_value":["Any"]},"enabled":{"constant_value":true},"layer":{"references":["checkpoint_management_access_layer.AWS_Perimeter_URLF.name","checkpoint_management_access_layer.AWS_Perimeter_URLF"]},"name":{"constant_value":"Block Categories"},"position":{"constant_value":{"top":"top"}},"service":{"references":["checkpoint_management_application_site.blocksite1.name","checkpoint_management_application_site.blocksite1"]},"source":{"constant_value":["Any"]},"track":{"constant_value":{"accounting":true,"alert":"none","enable_firewall_session":true,"per_connection":true,"per_session":true,"type":"Log"}}},"schema_version":0},{"address":"checkpoint_management_access_rule.perimeterrule1","mode":"managed","type":"checkpoint_management_access_rule","name":"perimeterrule1","provider_config_key":"checkpoint","expressions":{"action":{"constant_value":"Accept"},"action_settings":{"constant_value":{"enable_identity_captive_portal":false}},"destination":{"constant_value":["Any"]},"enabled":{"constant_value":true},"layer":{"references":["checkpoint_management_package.AWS_Perimeter.name","checkpoint_management_package.AWS_Perimeter"]},"name":{"constant_value":"Jump Host Rule"},"position":{"references":["checkpoint_management_access_section.jumpsection.name","checkpoint_management_access_section.jumpsection"]},"service":{"constant_value":["ssh","https"]},"source":{"references":["checkpoint_management_dns_domain.jumphost.name","checkpoint_management_dns_domain.jumphost"]},"track":{"constant_value":{"accounting":true,"alert":"none","enable_firewall_session":true,"per_connection":true,"per_session":true,"type":"Log"}}},"schema_version":0},{"address":"checkpoint_management_access_rule.perimeterrule2","mode":"managed","type":"checkpoint_management_access_rule","name":"perimeterrule2","provider_config_key":"checkpoint","expressions":{"action":{"constant_value":"Apply Layer"},"destination":{"constant_value":["Any"]},"enabled":{"constant_value":true},"inline_layer":{"references":["checkpoint_management_access_layer.AWS_Perimeter_URLF.name","checkpoint_management_access_layer.AWS_Perimeter_URLF"]},"layer":{"references":["checkpoint_management_package.AWS_Perimeter.name","checkpoint_management_package.AWS_Perimeter"]},"name":{"constant_value":"Outbound Rule"},"position":{"references":["checkpoint_management_access_rule.perimeterrule1.name","checkpoint_management_access_rule.perimeterrule1"]},"service":{"constant_value":["ssh","https","dns","http","ntp","icmp-proto","ftp"]},"source":{"references":["checkpoint_management_network.vpc_local.name","checkpoint_management_network.vpc_local"]},"track":{"constant_value":{"accounting":true,"alert":"none","enable_firewall_session":true,"per_connection":true,"per_session":true,"type":"None"}}},"schema_version":0},{"address":"checkpoint_management_access_rule.rule1","mode":"managed","type":"checkpoint_management_access_rule","name":"rule1","provider_config_key":"checkpoint","expressions":{"action":{"constant_value":"Accept"},"action_settings":{"constant_value":{"enable_identity_captive_portal":false}},"destination":{"constant_value":["Any"]},"enabled":{"constant_value":true},"layer":{"references":["checkpoint_management_package.AWS_AutoScale.name","checkpoint_management_package.AWS_AutoScale"]},"name":{"constant_value":"Jump Host Rule"},"position":{"references":["checkpoint_management_access_section.autoscalejumphostsection.name","checkpoint_management_access_section.autoscalejumphostsection"]},"service":{"constant_value":["ssh","https"]},"source":{"references":["checkpoint_management_dns_domain.jumphost.name","checkpoint_management_dns_domain.jumphost"]},"track":{"constant_value":{"accounting":true,"alert":"none","enable_firewall_session":true,"per_connection":true,"per_session":true,"type":"Log"}}},"schema_version":0},{"address":"checkpoint_management_access_rule.rule2","mode":"managed","type":"checkpoint_management_access_rule","name":"rule2","provider_config_key":"checkpoint","expressions":{"action":{"constant_value":"Accept"},"action_settings":{"constant_value":{"enable_identity_captive_portal":false}},"destination":{"references":["checkpoint_management_network.vpc_local.name","checkpoint_management_network.vpc_local"]},"destination_negate":{"constant_value":false},"enabled":{"constant_value":true},"layer":{"references":["checkpoint_management_package.AWS_AutoScale.name","checkpoint_management_package.AWS_AutoScale"]},"name":{"constant_value":"Internal Access"},"position":{"references":["checkpoint_management_access_rule.rule1.name","checkpoint_management_access_rule.rule1"]},"service":{"constant_value":["Any"]},"source":{"references":["checkpoint_management_network.vpc_local.name","checkpoint_management_network.vpc_local"]},"track":{"constant_value":{"accounting":true,"alert":"none","enable_firewall_session":true,"per_connection":true,"per_session":true,"type":"Log"}}},"schema_version":0},{"address":"checkpoint_management_access_rule.rule3","mode":"managed","type":"checkpoint_management_access_rule","name":"rule3","provider_config_key":"checkpoint","expressions":{"action":{"constant_value":"Accept"},"action_settings":{"constant_value":{"enable_identity_captive_portal":false}},"destination":{"constant_value":["Any"]},"enabled":{"constant_value":true},"layer":{"references":["checkpoint_management_package.AWS_AutoScale.name","checkpoint_management_package.AWS_AutoScale"]},"name":{"constant_value":"Internet Access"},"position":{"references":["checkpoint_management_access_rule.rule2.name","checkpoint_management_access_rule.rule2"]},"service":{"constant_value":["Any"]},"source":{"references":["checkpoint_management_network.vpc_local.name","checkpoint_management_network.vpc_local"]},"track":{"constant_value":{"accounting":true,"alert":"none","enable_firewall_session":true,"per_connection":true,"per_session":true,"type":"Log"}}},"schema_version":0},{"address":"checkpoint_management_access_rule.rule4","mode":"managed","type":"checkpoint_management_access_rule","name":"rule4","provider_config_key":"checkpoint","expressions":{"action":{"constant_value":"Accept"},"action_settings":{"constant_value":{"enable_identity_captive_portal":false}},"destination":{"references":["checkpoint_management_dynamic_object.localgatewayexternal.name","checkpoint_management_dynamic_object.localgatewayexternal"]},"enabled":{"constant_value":true},"layer":{"references":["checkpoint_management_package.AWS_AutoScale.name","checkpoint_management_package.AWS_AutoScale"]},"name":{"constant_value":"Inbound Access"},"position":{"references":["checkpoint_management_access_rule.rule3.name","checkpoint_management_access_rule.rule3"]},"service":{"references":["checkpoint_management_service_tcp.tcp8090.name","checkpoint_management_service_tcp.tcp8090","checkpoint_management_service_tcp.tcp33890.name","checkpoint_management_service_tcp.tcp33890"]},"source":{"constant_value":["Any"]},"track":{"constant_value":{"accounting":true,"alert":"none","enable_firewall_session":true,"per_connection":true,"per_session":true,"type":"Log"}}},"schema_version":0},{"address":"checkpoint_management_access_section.accesssection","mode":"managed","type":"checkpoint_management_access_section","name":"accesssection","provider_config_key":"checkpoint","expressions":{"layer":{"references":["checkpoint_management_package.AWS_Perimeter.name","checkpoint_management_package.AWS_Perimeter"]},"name":{"constant_value":"Perimeter Access"},"position":{"references":["checkpoint_management_access_rule.perimeterrule2.name","checkpoint_management_access_rule.perimeterrule2"]}},"schema_version":0},{"address":"checkpoint_management_access_section.autoscalecleanupsection","mode":"managed","type":"checkpoint_management_access_section","name":"autoscalecleanupsection","provider_config_key":"checkpoint","expressions":{"layer":{"references":["checkpoint_management_package.AWS_AutoScale.name","checkpoint_management_package.AWS_AutoScale"]},"name":{"constant_value":"Cleanup Rules"},"position":{"constant_value":{"above":"Cleanup rule"}}},"schema_version":0,"depends_on":["checkpoint_management_access_rule.rule4"]},{"address":"checkpoint_management_access_section.autoscalejumphostsection","mode":"managed","type":"checkpoint_management_access_section","name":"autoscalejumphostsection","provider_config_key":"checkpoint","expressions":{"layer":{"references":["checkpoint_management_package.AWS_AutoScale.name","checkpoint_management_package.AWS_AutoScale"]},"name":{"constant_value":"Jump Host access"},"position":{"constant_value":{"top":"top"}}},"schema_version":0},{"address":"checkpoint_management_access_section.cleanupsection","mode":"managed","type":"checkpoint_management_access_section","name":"cleanupsection","provider_config_key":"checkpoint","expressions":{"layer":{"references":["checkpoint_management_package.AWS_Perimeter.name","checkpoint_management_package.AWS_Perimeter"]},"name":{"constant_value":"Cleanup Rules"},"position":{"constant_value":{"above":"Cleanup rule"}}},"schema_version":0,"depends_on":["checkpoint_management_access_rule.perimeterrule2","checkpoint_management_access_rule.allowrule3"]},{"address":"checkpoint_management_access_section.jumpsection","mode":"managed","type":"checkpoint_management_access_section","name":"jumpsection","provider_config_key":"checkpoint","expressions":{"layer":{"references":["checkpoint_management_package.AWS_Perimeter.name","checkpoint_management_package.AWS_Perimeter"]},"name":{"constant_value":"Jump Host Access"},"position":{"constant_value":{"top":"top"}}},"schema_version":0},{"address":"checkpoint_management_application_site.blocksite1","mode":"managed","type":"checkpoint_management_application_site","name":"blocksite1","provider_config_key":"checkpoint","expressions":{"description":{"constant_value":"Blocked Categories"},"name":{"constant_value":"Blocked Categories"},"primary_category":{"constant_value":"Critical Risk"},"url_list":{"constant_value":["www.bitcoin.com","www.lotto.com"]},"urls_defined_as_regular_expression":{"constant_value":false}},"schema_version":0},{"address":"checkpoint_management_dns_domain.jumphost","mode":"managed","type":"checkpoint_management_dns_domain","name":"jumphost","provider_config_key":"checkpoint","expressions":{"color":{"constant_value":"blue"},"is_sub_domain":{"constant_value":false},"name":{"constant_value":".curley.duckdns.org"}},"schema_version":0},{"address":"checkpoint_management_dynamic_object.localgatewayexternal","mode":"managed","type":"checkpoint_management_dynamic_object","name":"localgatewayexternal","provider_config_key":"checkpoint","expressions":{"color":{"constant_value":"blue"},"name":{"constant_value":"LocalGatewayExternal"}},"schema_version":0},{"address":"checkpoint_management_dynamic_object.localgatewayinternal","mode":"managed","type":"checkpoint_management_dynamic_object","name":"localgatewayinternal","provider_config_key":"checkpoint","expressions":{"color":{"constant_value":"blue"},"name":{"constant_value":"LocalGatewayInternal"}},"schema_version":0},{"address":"checkpoint_management_host.azurelbhealthcheck","mode":"managed","type":"checkpoint_management_host","name":"azurelbhealthcheck","provider_config_key":"checkpoint","expressions":{"color":{"constant_value":"light green"},"ipv4_address":{"constant_value":"168.63.129.16"},"name":{"constant_value":"azure_lb_health_check"},"nat_settings":{"constant_value":{"auto_rule":false}}},"schema_version":0},{"address":"checkpoint_management_host.internallb","mode":"managed","type":"checkpoint_management_host","name":"internallb","provider_config_key":"checkpoint","expressions":{"color":{"constant_value":"blue"},"ipv4_address":{"constant_value":"10.99.1.11"},"name":{"constant_value":"internallb"},"nat_settings":{"constant_value":{"auto_rule":false}}},"schema_version":0},{"address":"checkpoint_management_host.rdphost","mode":"managed","type":"checkpoint_management_host","name":"rdphost","provider_config_key":"checkpoint","expressions":{"color":{"constant_value":"red"},"ipv4_address":{"constant_value":"10.99.11.4"},"name":{"constant_value":"rdphost"},"nat_settings":{"constant_value":{"auto_rule":false}}},"schema_version":0},{"address":"checkpoint_management_network.vpc_local","mode":"managed","type":"checkpoint_management_network","name":"vpc_local","provider_config_key":"checkpoint","expressions":{"color":{"constant_value":"red"},"mask_length4":{"constant_value":"16"},"name":{"constant_value":"AWS-Local-vpc"},"nat_settings":{"constant_value":{"auto_rule":true,"hide_behind":"gateway","install_on":"All","method":"hide"}},"subnet4":{"constant_value":"10.30.0.0"}},"schema_version":0},{"address":"checkpoint_management_package.AWS_AutoScale","mode":"managed","type":"checkpoint_management_package","name":"AWS_AutoScale","provider_config_key":"checkpoint","expressions":{"access":{"constant_value":true},"color":{"constant_value":"orange"},"name":{"constant_value":"AWS_AutoScale"},"threat_prevention":{"constant_value":true}},"schema_version":0},{"address":"checkpoint_management_package.AWS_Perimeter","mode":"managed","type":"checkpoint_management_package","name":"AWS_Perimeter","provider_config_key":"checkpoint","expressions":{"access":{"constant_value":true},"color":{"constant_value":"orange"},"name":{"constant_value":"AWS_Perimeter"},"threat_prevention":{"constant_value":true}},"schema_version":0},{"address":"checkpoint_management_service_tcp.healthcheck","mode":"managed","type":"checkpoint_management_service_tcp","name":"healthcheck","provider_config_key":"checkpoint","expressions":{"color":{"constant_value":"blue"},"match_for_any":{"constant_value":false},"name":{"constant_value":"AzureHealthCheck"},"port":{"constant_value":"8117"}},"schema_version":0},{"address":"checkpoint_management_service_tcp.tcp33890","mode":"managed","type":"checkpoint_management_service_tcp","name":"tcp33890","provider_config_key":"checkpoint","expressions":{"color":{"constant_value":"blue"},"match_for_any":{"constant_value":false},"name":{"constant_value":"TCP-33890"},"port":{"constant_value":"33890"}},"schema_version":0},{"address":"checkpoint_management_service_tcp.tcp8090","mode":"managed","type":"checkpoint_management_service_tcp","name":"tcp8090","provider_config_key":"checkpoint","expressions":{"color":{"constant_value":"blue"},"match_for_any":{"constant_value":false},"name":{"constant_value":"TCP-8090"},"port":{"constant_value":"8090"}},"schema_version":0}]}}},"variables":{"policy_install":{"default":false,"description":"Set to true to install policy"}}}},"relevant_attributes":[{"resource":"module.policy.checkpoint_management_application_site.blocksite1","attribute":["name"]},{"resource":"module.policy.checkpoint_management_access_layer.AWS_Perimeter_URLF","attribute":["name"]},{"resource":"module.policy.checkpoint_management_access_section.autoscalejumphostsection","attribute":["name"]},{"resource":"module.policy.checkpoint_management_access_rule.rule1","attribute":["name"]},{"resource":"module.policy.checkpoint_management_access_rule.allowrule2","attribute":["name"]},{"resource":"module.policy.checkpoint_management_access_rule.perimeterrule2","attribute":["name"]},{"resource":"module.policy.checkpoint_management_dns_domain.jumphost","attribute":["name"]},{"resource":"module.policy.checkpoint_management_access_section.jumpsection","attribute":["name"]},{"resource":"module.policy.checkpoint_management_access_rule.blockrule1","attribute":["name"]},{"resource":"module.policy.checkpoint_management_network.vpc_local","attribute":["name"]},{"resource":"module.policy.checkpoint_management_package.AWS_Perimeter","attribute":["name"]},{"resource":"module.policy.checkpoint_management_access_rule.perimeterrule1","attribute":["name"]},{"resource":"module.policy.checkpoint_management_dynamic_object.localgatewayexternal","attribute":["name"]},{"resource":"module.policy.checkpoint_management_access_rule.rule3","attribute":["name"]},{"resource":"module.policy.checkpoint_management_package.AWS_AutoScale","attribute":["name"]},{"resource":"module.policy.checkpoint_management_access_rule.rule2","attribute":["name"]},{"resource":"module.policy.checkpoint_management_service_tcp.tcp8090","attribute":["name"]},{"resource":"module.policy.checkpoint_management_service_tcp.tcp33890","attribute":["name"]}],"timestamp":"2023-10-23T09:36:33Z","errored":false}
